{
  "name": "wxtest",
  "version": "1.0.0",
  "lockfileVersion": 1,
  "requires": true,
  "dependencies": {
    "address": {
      "version": "1.0.3",
      "resolved": "https://registry.npmjs.org/address/-/address-1.0.3.tgz",
      "integrity": "sha512-z55ocwKBRLryBs394Sm3ushTtBeg6VAeuku7utSoSnsJKvKcnXFIyC6vh27n3rXyxSgkJBBCAvyOn7gSUcTYjg=="
    },
    "debug": {
      "version": "2.2.0",
      "resolved": "https://registry.npmjs.org/debug/-/debug-2.2.0.tgz",
      "integrity": "sha1-+HBX6ZWxofauaklgZkE3vFbwOdo=",
      "requires": {
        "ms": "0.7.1"
      }
    },
    "default-user-agent": {
      "version": "0.0.1",
      "resolved": "https://registry.npmjs.org/default-user-agent/-/default-user-agent-0.0.1.tgz",
      "integrity": "sha1-r7EkxYraBjX0720MFd2QZVUJirE="
    },
    "digest-header": {
      "version": "0.0.1",
      "resolved": "https://registry.npmjs.org/digest-header/-/digest-header-0.0.1.tgz",
      "integrity": "sha1-Ecz23uxXZqw3l0TZAcEsuklRS+Y=",
      "requires": {
        "utility": "0.1.11"
      }
    },
    "humanize-ms": {
      "version": "1.0.2",
      "resolved": "https://registry.npmjs.org/humanize-ms/-/humanize-ms-1.0.2.tgz",
      "integrity": "sha1-mGj7L3vuzRa58Lr/xTxFITvT/L0=",
      "requires": {
        "ms": "~0.7.0"
      }
    },
    "iconv-lite": {
      "version": "0.4.23",
      "resolved": "https://registry.npmjs.org/iconv-lite/-/iconv-lite-0.4.23.tgz",
      "integrity": "sha512-neyTUVFtahjf0mB3dZT77u+8O0QB89jFdnBkd5P1JgYPbPaia3gXXOVL2fq8VyU2gMMD7SaN7QukTB/pmXYvDA==",
      "requires": {
        "safer-buffer": ">= 2.1.2 < 3"
      }
    },
    "media-typer": {
      "version": "0.3.0",
      "resolved": "https://registry.npmjs.org/media-typer/-/media-typer-0.3.0.tgz",
      "integrity": "sha1-hxDXrwqmJvj/+hzgAWhUUmMlV0g="
    },
    "ms": {
      "version": "0.7.1",
      "resolved": "https://registry.npmjs.org/ms/-/ms-0.7.1.tgz",
      "integrity": "sha1-nNE8A62/8ltl7/3nzoZO6VIBcJg="
    },
    "native-or-bluebird": {
      "version": "1.2.0",
      "resolved": "https://registry.npmjs.org/native-or-bluebird/-/native-or-bluebird-1.2.0.tgz",
      "integrity": "sha1-OcR7/Xgl0fuf+tMiEK4l2q3xAck="
    },
    "safer-buffer": {
      "version": "2.1.2",
      "resolved": "https://registry.npmjs.org/safer-buffer/-/safer-buffer-2.1.2.tgz",
      "integrity": "sha512-YZo3K82SD7Riyi0E1EQPojLz7kpepnSQI9IyPbHHg1XXXevb5dJI7tpyN2ADxGcQbHG7vcyRHk0cbwqcQriUtg=="
    },
    "statuses": {
      "version": "1.2.1",
      "resolved": "https://registry.npmjs.org/statuses/-/statuses-1.2.1.tgz",
      "integrity": "sha1-3e1FzBglbVHtQK7BQkidXGECbSg="
    },
    "urllib": {
      "version": "2.7.0",
      "resolved": "https://registry.npmjs.org/urllib/-/urllib-2.7.0.tgz",
      "integrity": "sha1-Kfm9XoGMDyVqmJ9ssHn4RGwgSiA=",
      "requires": {
        "debug": "~2.2.0",
        "default-user-agent": "~0.0.1",
        "digest-header": "~0.0.1",
        "humanize-ms": "~1.0.1",
        "iconv-lite": "~0.4.10",
        "media-typer": "~0.3.0",
        "native-or-bluebird": "~1.2.0",
        "statuses": "~1.2.1"
      }
    },
    "utility": {
      "version": "0.1.11",
      "resolved": "https://registry.npmjs.org/utility/-/utility-0.1.11.tgz",
      "integrity": "sha1-/eYM+bTkdRlHoM9dEEzik2ciZxU=",
      "requires": {
        "address": ">=0.0.1"
      }
    },
    "wechat-oauth": {
      "version": "1.4.2",
      "resolved": "https://registry.npmjs.org/wechat-oauth/-/wechat-oauth-1.4.2.tgz",
      "integrity": "sha512-VvdYjjA1dQyPHyTBYUuc8QYCB0C09BZai/SnDB9pMSDOso5p43Mq/aatoxEAuUIaYJJajj71xPFZ+KJeLzb2VA==",
      "requires": {
        "urllib": "2.7.0"
      }
    }
  }
}
